Microsoft Visual Studio Solution File, Format Version 12.00
# Visual Studio Version 17
VisualStudioVersion = 17.0.31903.59
MinimumVisualStudioVersion = 10.0.40219.1
Project("{FAE04EC0-301F-11D3-BF4B-00C04F79EFBC}") = "LegacyStore", "src/LegacyStore/LegacyStore.csproj", "{7A78186A-78D1-49E0-8A7C-4841D987B67D}"
EndProject
Project("{FAE04EC0-301F-11D3-BF4B-00C04F79EFBC}") = "LegacyStore.Tests", "tests/LegacyStore.Tests/LegacyStore.Tests.csproj", "{D5A41139-18AB-440B-BDBE-D6D0C515613F}"
EndProject
Global
	GlobalSection(SolutionConfigurationPlatforms) = preSolution
		Debug|Any CPU = Debug|Any CPU
		Release|Any CPU = Release|Any CPU
	EndGlobalSection
	GlobalSection(ProjectConfigurationPlatforms) = postSolution
		{7A78186A-78D1-49E0-8A7C-4841D987B67D}.Debug|Any CPU.ActiveCfg = Debug|Any CPU
		{7A78186A-78D1-49E0-8A7C-4841D987B67D}.Debug|Any CPU.Build.0 = Debug|Any CPU
		{7A78186A-78D1-49E0-8A7C-4841D987B67D}.Release|Any CPU.ActiveCfg = Release|Any CPU
		{7A78186A-78D1-49E0-8A7C-4841D987B67D}.Release|Any CPU.Build.0 = Release|Any CPU
		{D5A41139-18AB-440B-BDBE-D6D0C515613F}.Debug|Any CPU.ActiveCfg = Debug|Any CPU
		{D5A41139-18AB-440B-BDBE-D6D0C515613F}.Debug|Any CPU.Build.0 = Debug|Any CPU
		{D5A41139-18AB-440B-BDBE-D6D0C515613F}.Release|Any CPU.ActiveCfg = Release|Any CPU
		{D5A41139-18AB-440B-BDBE-D6D0C515613F}.Release|Any CPU.Build.0 = Release|Any CPU
	EndGlobalSection
EndGlobal
